
Microsoft Visual Studio Solution File, Format Version 12.00
# Visual Studio 15
Project("{FAE04EC0-301F-11D3-BF4B-00C04F79EFBC}") = "boats-to-save-people", "boats-to-save-people\boats-to-save-people.csproj", "{F46B49F3-71CE-4999-A658-446F4F88CE45}"
EndProject
Global
	GlobalSection(SolutionConfigurationPlatforms) = preSolution
		Debug|anycpu = Debug|anycpu
		Release|anycpu = Release|anycpu
	EndGlobalSection
	GlobalSection(ProjectConfigurationPlatforms) = postSolution
		{F46B49F3-71CE-4999-A658-446F4F88CE45}.Debug|anycpu.ActiveCfg = Debug|anycpu
		{F46B49F3-71CE-4999-A658-446F4F88CE45}.Debug|anycpu.Build.0 = Debug|anycpu
		{F46B49F3-71CE-4999-A658-446F4F88CE45}.Release|anycpu.ActiveCfg = Release|anycpu
		{F46B49F3-71CE-4999-A658-446F4F88CE45}.Release|anycpu.Build.0 = Release|anycpu
	EndGlobalSection
EndGlobal
