
Microsoft Visual Studio Solution File, Format Version 12.00
# Visual Studio Version 16
VisualStudioVersion = 16.0.30011.22
MinimumVisualStudioVersion = 10.0.40219.1
Project("{FAE04EC0-301F-11D3-BF4B-00C04F79EFBC}") = "boats-to-save-people", "boats-to-save-people\boats-to-save-people.csproj", "{115142FD-A12F-46E1-92DB-767BF66509F9}"
EndProject
Global
	GlobalSection(SolutionConfigurationPlatforms) = preSolution
		Debug|Any CPU = Debug|Any CPU
		Release|Any CPU = Release|Any CPU
	EndGlobalSection
	GlobalSection(ProjectConfigurationPlatforms) = postSolution
		{115142FD-A12F-46E1-92DB-767BF66509F9}.Debug|Any CPU.ActiveCfg = Debug|Any CPU
		{115142FD-A12F-46E1-92DB-767BF66509F9}.Debug|Any CPU.Build.0 = Debug|Any CPU
		{115142FD-A12F-46E1-92DB-767BF66509F9}.Release|Any CPU.ActiveCfg = Release|Any CPU
		{115142FD-A12F-46E1-92DB-767BF66509F9}.Release|Any CPU.Build.0 = Release|Any CPU
	EndGlobalSection
	GlobalSection(SolutionProperties) = preSolution
		HideSolutionNode = FALSE
	EndGlobalSection
	GlobalSection(ExtensibilityGlobals) = postSolution
		SolutionGuid = {BCE3FEF5-D21A-4A17-99FC-82CE34D333B6}
	EndGlobalSection
EndGlobal
