
Microsoft Visual Studio Solution File, Format Version 12.00
# Visual Studio 15
Project("{FAE04EC0-301F-11D3-BF4B-00C04F79EFBC}") = "k-concatenation-maximum-sum", "k-concatenation-maximum-sum\k-concatenation-maximum-sum.csproj", "{BABE045B-60EA-4EC2-8BA8-F56C1911AE15}"
EndProject
Global
	GlobalSection(SolutionConfigurationPlatforms) = preSolution
		Debug|anycpu = Debug|anycpu
		Release|anycpu = Release|anycpu
	EndGlobalSection
	GlobalSection(ProjectConfigurationPlatforms) = postSolution
		{BABE045B-60EA-4EC2-8BA8-F56C1911AE15}.Debug|anycpu.ActiveCfg = Debug|anycpu
		{BABE045B-60EA-4EC2-8BA8-F56C1911AE15}.Debug|anycpu.Build.0 = Debug|anycpu
		{BABE045B-60EA-4EC2-8BA8-F56C1911AE15}.Release|anycpu.ActiveCfg = Release|anycpu
		{BABE045B-60EA-4EC2-8BA8-F56C1911AE15}.Release|anycpu.Build.0 = Release|anycpu
	EndGlobalSection
EndGlobal
