
Microsoft Visual Studio Solution File, Format Version 12.00
# Visual Studio Version 16
VisualStudioVersion = 16.0.30309.148
MinimumVisualStudioVersion = 10.0.40219.1
Project("{FAE04EC0-301F-11D3-BF4B-00C04F79EFBC}") = "single-number", "single-number\single-number.csproj", "{548CE3D7-5399-482D-9F8B-13AEA3207674}"
EndProject
Global
	GlobalSection(SolutionConfigurationPlatforms) = preSolution
		Debug|Any CPU = Debug|Any CPU
		Release|Any CPU = Release|Any CPU
	EndGlobalSection
	GlobalSection(ProjectConfigurationPlatforms) = postSolution
		{548CE3D7-5399-482D-9F8B-13AEA3207674}.Debug|Any CPU.ActiveCfg = Debug|Any CPU
		{548CE3D7-5399-482D-9F8B-13AEA3207674}.Debug|Any CPU.Build.0 = Debug|Any CPU
		{548CE3D7-5399-482D-9F8B-13AEA3207674}.Release|Any CPU.ActiveCfg = Release|Any CPU
		{548CE3D7-5399-482D-9F8B-13AEA3207674}.Release|Any CPU.Build.0 = Release|Any CPU
	EndGlobalSection
	GlobalSection(SolutionProperties) = preSolution
		HideSolutionNode = FALSE
	EndGlobalSection
	GlobalSection(ExtensibilityGlobals) = postSolution
		SolutionGuid = {B5AD6B14-3DF2-4340-B859-B54BCAE492BD}
	EndGlobalSection
EndGlobal
