
Microsoft Visual Studio Solution File, Format Version 12.00
# Visual Studio 15
Project("{FAE04EC0-301F-11D3-BF4B-00C04F79EFBC}") = "jewels-and-stones", "jewels-and-stones.csproj", "{97594C29-B841-4D54-9734-F8773514FAF4}"
EndProject
Global
	GlobalSection(SolutionConfigurationPlatforms) = preSolution
		Debug|anycpu = Debug|anycpu
		Release|anycpu = Release|anycpu
	EndGlobalSection
	GlobalSection(ProjectConfigurationPlatforms) = postSolution
		{97594C29-B841-4D54-9734-F8773514FAF4}.Debug|anycpu.ActiveCfg = Debug|anycpu
		{97594C29-B841-4D54-9734-F8773514FAF4}.Debug|anycpu.Build.0 = Debug|anycpu
		{97594C29-B841-4D54-9734-F8773514FAF4}.Release|anycpu.ActiveCfg = Release|anycpu
		{97594C29-B841-4D54-9734-F8773514FAF4}.Release|anycpu.Build.0 = Release|anycpu
	EndGlobalSection
EndGlobal
