
Microsoft Visual Studio Solution File, Format Version 12.00
# Visual Studio 15
Project("{FAE04EC0-301F-11D3-BF4B-00C04F79EFBC}") = "find-lucky-integer-in-an-array", "find-lucky-integer-in-an-array\find-lucky-integer-in-an-array.csproj", "{C5F632DF-3708-4A7E-9B5B-221CA2FD751A}"
EndProject
Global
	GlobalSection(SolutionConfigurationPlatforms) = preSolution
		Debug|anycpu = Debug|anycpu
		Release|anycpu = Release|anycpu
	EndGlobalSection
	GlobalSection(ProjectConfigurationPlatforms) = postSolution
		{C5F632DF-3708-4A7E-9B5B-221CA2FD751A}.Debug|anycpu.ActiveCfg = Debug|anycpu
		{C5F632DF-3708-4A7E-9B5B-221CA2FD751A}.Debug|anycpu.Build.0 = Debug|anycpu
		{C5F632DF-3708-4A7E-9B5B-221CA2FD751A}.Release|anycpu.ActiveCfg = Release|anycpu
		{C5F632DF-3708-4A7E-9B5B-221CA2FD751A}.Release|anycpu.Build.0 = Release|anycpu
	EndGlobalSection
EndGlobal
