
Microsoft Visual Studio Solution File, Format Version 12.00
# Visual Studio 15
Project("{FAE04EC0-301F-11D3-BF4B-00C04F79EFBC}") = "check-if-it-is-a-straight-line", "check-if-it-is-a-straight-line.csproj", "{5BE43202-0B02-4989-8A52-CB3A8458939A}"
EndProject
Global
	GlobalSection(SolutionConfigurationPlatforms) = preSolution
		Debug|anycpu = Debug|anycpu
		Release|anycpu = Release|anycpu
	EndGlobalSection
	GlobalSection(ProjectConfigurationPlatforms) = postSolution
		{5BE43202-0B02-4989-8A52-CB3A8458939A}.Debug|anycpu.ActiveCfg = Debug|anycpu
		{5BE43202-0B02-4989-8A52-CB3A8458939A}.Debug|anycpu.Build.0 = Debug|anycpu
		{5BE43202-0B02-4989-8A52-CB3A8458939A}.Release|anycpu.ActiveCfg = Release|anycpu
		{5BE43202-0B02-4989-8A52-CB3A8458939A}.Release|anycpu.Build.0 = Release|anycpu
	EndGlobalSection
EndGlobal
